{
  "nodes": {
    "nixpkgs": {
      "locked": {
        "lastModified": 1684594747,
        "narHash": "sha256-kv0HbOg/mKUaONYUNxpxllUxP06lujPKtdaYMoxoWyw=",
        "path": "/nix/store/lhyrp5kiqvaim3y9h6vsww6asarj44mz-source",
        "rev": "33bd20c0b256d2fc1cb83d8d590dc08ca368684e",
        "type": "path"
      },
      "original": {
        "id": "nixpkgs",
        "type": "indirect"
      }
    },
    "root": {
      "inputs": {
        "nixpkgs": "nixpkgs"
      }
    }
  },
  "root": "root",
  "version": 7
}
